<?xml version="1.0" encoding="utf-8"?>
<Project ToolsVersion="4.0" xmlns="http://schemas.microsoft.com/developer/msbuild/2003">
  <ItemGroup>
    <Filter Include="Source">
      <UniqueIdentifier>{4FC737F1-C7A5-4376-A066-2A32D752A2FF}</UniqueIdentifier>
      <Extensions>cpp;c;cc;cxx;c++;cppm;ixx;def;odl;idl;hpj;bat;asm;asmx</Extensions>
    </Filter>
    <Filter Include="Source\System">
      <UniqueIdentifier>{dab6baaf-8c0f-4837-91ec-ce07651ecd0b}</UniqueIdentifier>
    </Filter>
    <Filter Include="Source\Scene">
      <UniqueIdentifier>{417c8b8f-4304-4676-82bc-de546147a8e3}</UniqueIdentifier>
    </Filter>
    <Filter Include="Source\GameObject">
      <UniqueIdentifier>{46acd8d9-c9df-49a2-9764-9a5d2b69d9cf}</UniqueIdentifier>
    </Filter>
    <Filter Include="Source\Shader">
      <UniqueIdentifier>{d7283aa2-75eb-4904-8610-1a719fc8a8ce}</UniqueIdentifier>
    </Filter>
  </ItemGroup>
  <ItemGroup>
    <ClCompile Include="main.cpp">
      <Filter>Source\System</Filter>
    </ClCompile>
    <ClCompile Include="renderer.cpp">
      <Filter>Source\System</Filter>
    </ClCompile>
    <ClCompile Include="camera.cpp">
      <Filter>Source\GameObject</Filter>
    </ClCompile>
    <ClCompile Include="field.cpp">
      <Filter>Source\GameObject</Filter>
    </ClCompile>
    <ClCompile Include="model.cpp">
      <Filter>Source\GameObject</Filter>
    </ClCompile>
    <ClCompile Include="player.cpp">
      <Filter>Source\GameObject</Filter>
    </ClCompile>
    <ClCompile Include="polygon2D.cpp">
      <Filter>Source\GameObject</Filter>
    </ClCompile>
    <ClCompile Include="enemy.cpp">
      <Filter>Source\GameObject</Filter>
    </ClCompile>
    <ClCompile Include="bullet.cpp">
      <Filter>Source\GameObject</Filter>
    </ClCompile>
    <ClCompile Include="manager.cpp">
      <Filter>Source\System</Filter>
    </ClCompile>
    <ClCompile Include="input.cpp">
      <Filter>Source\System</Filter>
    </ClCompile>
    <ClCompile Include="explosion.cpp">
      <Filter>Source\GameObject</Filter>
    </ClCompile>
    <ClCompile Include="sky.cpp">
      <Filter>Source\GameObject</Filter>
    </ClCompile>
    <ClCompile Include="title.cpp">
      <Filter>Source\Scene</Filter>
    </ClCompile>
    <ClCompile Include="game.cpp">
      <Filter>Source\Scene</Filter>
    </ClCompile>
    <ClCompile Include="titleLogo.cpp">
      <Filter>Source\GameObject</Filter>
    </ClCompile>
    <ClCompile Include="audio.cpp">
      <Filter>Source\GameObject</Filter>
    </ClCompile>
    <ClCompile Include="shadow.cpp">
      <Filter>Source\GameObject</Filter>
    </ClCompile>
  </ItemGroup>
  <ItemGroup>
    <ClInclude Include="scene.h">
      <Filter>Source\Scene</Filter>
    </ClInclude>
    <ClInclude Include="main.h">
      <Filter>Source\System</Filter>
    </ClInclude>
    <ClInclude Include="renderer.h">
      <Filter>Source\System</Filter>
    </ClInclude>
    <ClInclude Include="manager.h">
      <Filter>Source\System</Filter>
    </ClInclude>
    <ClInclude Include="camera.h">
      <Filter>Source\GameObject</Filter>
    </ClInclude>
    <ClInclude Include="field.h">
      <Filter>Source\GameObject</Filter>
    </ClInclude>
    <ClInclude Include="gameObject.h">
      <Filter>Source\GameObject</Filter>
    </ClInclude>
    <ClInclude Include="model.h">
      <Filter>Source\GameObject</Filter>
    </ClInclude>
    <ClInclude Include="player.h">
      <Filter>Source\GameObject</Filter>
    </ClInclude>
    <ClInclude Include="polygon2D.h">
      <Filter>Source\GameObject</Filter>
    </ClInclude>
    <ClInclude Include="enemy.h">
      <Filter>Source\GameObject</Filter>
    </ClInclude>
    <ClInclude Include="bullet.h">
      <Filter>Source\GameObject</Filter>
    </ClInclude>
    <ClInclude Include="input.h">
      <Filter>Source\System</Filter>
    </ClInclude>
    <ClInclude Include="explosion.h">
      <Filter>Source\GameObject</Filter>
    </ClInclude>
    <ClInclude Include="sky.h">
      <Filter>Source\GameObject</Filter>
    </ClInclude>
    <ClInclude Include="title.h">
      <Filter>Source\Scene</Filter>
    </ClInclude>
    <ClInclude Include="game.h">
      <Filter>Source\Scene</Filter>
    </ClInclude>
    <ClInclude Include="titleLogo.h">
      <Filter>Source\GameObject</Filter>
    </ClInclude>
    <ClInclude Include="audio.h">
      <Filter>Source\GameObject</Filter>
    </ClInclude>
    <ClInclude Include="shadow.h">
      <Filter>Source\GameObject</Filter>
    </ClInclude>
  </ItemGroup>
  <ItemGroup>
    <FxCompile Include="common.hlsl">
      <Filter>Source\Shader</Filter>
    </FxCompile>
    <FxCompile Include="unlitTexturePS.hlsl">
      <Filter>Source\Shader</Filter>
    </FxCompile>
    <FxCompile Include="unlitTextureVS.hlsl">
      <Filter>Source\Shader</Filter>
    </FxCompile>
    <FxCompile Include="vertexLightingPS.hlsl">
      <Filter>Source\Shader</Filter>
    </FxCompile>
    <FxCompile Include="vertexLightingVS.hlsl">
      <Filter>Source\Shader</Filter>
    </FxCompile>
  </ItemGroup>
</Project>